
Microsoft Visual Studio Solution File, Format Version 12.00
# Visual Studio Version 16
VisualStudioVersion = 16.0.31727.386
MinimumVisualStudioVersion = 10.0.40219.1
Project("{9A19103F-16F7-4668-BE54-9A1E7A4F7556}") = "Question 1", "Question 1.csproj", "{09ECA750-FFBF-45EF-8C4D-FDE40EBD34D4}"
EndProject
Global
	GlobalSection(SolutionConfigurationPlatforms) = preSolution
		Debug|Any CPU = Debug|Any CPU
		Release|Any CPU = Release|Any CPU
	EndGlobalSection
	GlobalSection(ProjectConfigurationPlatforms) = postSolution
		{09ECA750-FFBF-45EF-8C4D-FDE40EBD34D4}.Debug|Any CPU.ActiveCfg = Debug|Any CPU
		{09ECA750-FFBF-45EF-8C4D-FDE40EBD34D4}.Debug|Any CPU.Build.0 = Debug|Any CPU
		{09ECA750-FFBF-45EF-8C4D-FDE40EBD34D4}.Release|Any CPU.ActiveCfg = Release|Any CPU
		{09ECA750-FFBF-45EF-8C4D-FDE40EBD34D4}.Release|Any CPU.Build.0 = Release|Any CPU
	EndGlobalSection
	GlobalSection(SolutionProperties) = preSolution
		HideSolutionNode = FALSE
	EndGlobalSection
	GlobalSection(ExtensibilityGlobals) = postSolution
		SolutionGuid = {D6AB1051-4605-4B3E-B8FB-CAE5C95E399E}
	EndGlobalSection
EndGlobal
