
Microsoft Visual Studio Solution File, Format Version 12.00
# Visual Studio Version 16
VisualStudioVersion = 16.0.31727.386
MinimumVisualStudioVersion = 10.0.40219.1
Project("{FAE04EC0-301F-11D3-BF4B-00C04F79EFBC}") = "Question 20", "Question 20.csproj", "{172FF6D1-F5C6-441F-87F8-A1D1C8064F88}"
EndProject
Global
	GlobalSection(SolutionConfigurationPlatforms) = preSolution
		Debug|Any CPU = Debug|Any CPU
		Release|Any CPU = Release|Any CPU
	EndGlobalSection
	GlobalSection(ProjectConfigurationPlatforms) = postSolution
		{172FF6D1-F5C6-441F-87F8-A1D1C8064F88}.Debug|Any CPU.ActiveCfg = Debug|Any CPU
		{172FF6D1-F5C6-441F-87F8-A1D1C8064F88}.Debug|Any CPU.Build.0 = Debug|Any CPU
		{172FF6D1-F5C6-441F-87F8-A1D1C8064F88}.Release|Any CPU.ActiveCfg = Release|Any CPU
		{172FF6D1-F5C6-441F-87F8-A1D1C8064F88}.Release|Any CPU.Build.0 = Release|Any CPU
	EndGlobalSection
	GlobalSection(SolutionProperties) = preSolution
		HideSolutionNode = FALSE
	EndGlobalSection
	GlobalSection(ExtensibilityGlobals) = postSolution
		SolutionGuid = {C3E2531C-2B31-49CB-BA46-A3848FF5898A}
	EndGlobalSection
EndGlobal
