
Microsoft Visual Studio Solution File, Format Version 12.00
# Visual Studio Version 16
VisualStudioVersion = 16.0.31727.386
MinimumVisualStudioVersion = 10.0.40219.1
Project("{FAE04EC0-301F-11D3-BF4B-00C04F79EFBC}") = "Question 5", "Question 5.csproj", "{BA313A70-5118-49E0-9928-B6A2F8D8412E}"
EndProject
Global
	GlobalSection(SolutionConfigurationPlatforms) = preSolution
		Debug|Any CPU = Debug|Any CPU
		Release|Any CPU = Release|Any CPU
	EndGlobalSection
	GlobalSection(ProjectConfigurationPlatforms) = postSolution
		{BA313A70-5118-49E0-9928-B6A2F8D8412E}.Debug|Any CPU.ActiveCfg = Debug|Any CPU
		{BA313A70-5118-49E0-9928-B6A2F8D8412E}.Debug|Any CPU.Build.0 = Debug|Any CPU
		{BA313A70-5118-49E0-9928-B6A2F8D8412E}.Release|Any CPU.ActiveCfg = Release|Any CPU
		{BA313A70-5118-49E0-9928-B6A2F8D8412E}.Release|Any CPU.Build.0 = Release|Any CPU
	EndGlobalSection
	GlobalSection(SolutionProperties) = preSolution
		HideSolutionNode = FALSE
	EndGlobalSection
	GlobalSection(ExtensibilityGlobals) = postSolution
		SolutionGuid = {B9476761-76FA-42C6-9F25-62498C1EA819}
	EndGlobalSection
EndGlobal
